
Microsoft Visual Studio Solution File, Format Version 12.00
# Visual Studio Version 17
VisualStudioVersion = 17.9.34728.123
MinimumVisualStudioVersion = 10.0.40219.1
Project("{FAE04EC0-301F-11D3-BF4B-00C04F79EFBC}") = "DesigneryCommon", "DesigneryCommon\DesigneryCommon.csproj", "{C07150BB-8CCC-4D63-91CF-A934754433C5}"
EndProject
Project("{FAE04EC0-301F-11D3-BF4B-00C04F79EFBC}") = "DesigneryCore", "DesigneryCore\DesigneryCore.csproj", "{952C2802-7FAD-469A-878E-367A18A95F24}"
EndProject
Project("{FAE04EC0-301F-11D3-BF4B-00C04F79EFBC}") = "DesigneryDAL", "DesigneryDAL\DesigneryDAL.csproj", "{36284E70-2E23-46D6-8429-DA43AC6C78FC}"
EndProject
Project("{FAE04EC0-301F-11D3-BF4B-00C04F79EFBC}") = "DesigneryXUnit", "DesigneryXUnit\DesigneryXUnit.csproj", "{D27C32FB-04AC-416D-9CBF-6843191D1F28}"
EndProject
Project("{FAE04EC0-301F-11D3-BF4B-00C04F79EFBC}") = "DesingeryWeb", "DesingeryWeb\DesingeryWeb.csproj", "{56B644A0-3A3A-47CF-953A-10A8C9FB1B04}"
EndProject
Global
	GlobalSection(SolutionConfigurationPlatforms) = preSolution
		Debug|Any CPU = Debug|Any CPU
		Release|Any CPU = Release|Any CPU
	EndGlobalSection
	GlobalSection(ProjectConfigurationPlatforms) = postSolution
		{C07150BB-8CCC-4D63-91CF-A934754433C5}.Debug|Any CPU.ActiveCfg = Debug|Any CPU
		{C07150BB-8CCC-4D63-91CF-A934754433C5}.Debug|Any CPU.Build.0 = Debug|Any CPU
		{C07150BB-8CCC-4D63-91CF-A934754433C5}.Release|Any CPU.ActiveCfg = Release|Any CPU
		{C07150BB-8CCC-4D63-91CF-A934754433C5}.Release|Any CPU.Build.0 = Release|Any CPU
		{952C2802-7FAD-469A-878E-367A18A95F24}.Debug|Any CPU.ActiveCfg = Debug|Any CPU
		{952C2802-7FAD-469A-878E-367A18A95F24}.Debug|Any CPU.Build.0 = Debug|Any CPU
		{952C2802-7FAD-469A-878E-367A18A95F24}.Release|Any CPU.ActiveCfg = Release|Any CPU
		{952C2802-7FAD-469A-878E-367A18A95F24}.Release|Any CPU.Build.0 = Release|Any CPU
		{36284E70-2E23-46D6-8429-DA43AC6C78FC}.Debug|Any CPU.ActiveCfg = Debug|Any CPU
		{36284E70-2E23-46D6-8429-DA43AC6C78FC}.Debug|Any CPU.Build.0 = Debug|Any CPU
		{36284E70-2E23-46D6-8429-DA43AC6C78FC}.Release|Any CPU.ActiveCfg = Release|Any CPU
		{36284E70-2E23-46D6-8429-DA43AC6C78FC}.Release|Any CPU.Build.0 = Release|Any CPU
		{D27C32FB-04AC-416D-9CBF-6843191D1F28}.Debug|Any CPU.ActiveCfg = Debug|Any CPU
		{D27C32FB-04AC-416D-9CBF-6843191D1F28}.Debug|Any CPU.Build.0 = Debug|Any CPU
		{D27C32FB-04AC-416D-9CBF-6843191D1F28}.Release|Any CPU.ActiveCfg = Release|Any CPU
		{D27C32FB-04AC-416D-9CBF-6843191D1F28}.Release|Any CPU.Build.0 = Release|Any CPU
		{56B644A0-3A3A-47CF-953A-10A8C9FB1B04}.Debug|Any CPU.ActiveCfg = Debug|Any CPU
		{56B644A0-3A3A-47CF-953A-10A8C9FB1B04}.Debug|Any CPU.Build.0 = Debug|Any CPU
		{56B644A0-3A3A-47CF-953A-10A8C9FB1B04}.Release|Any CPU.ActiveCfg = Release|Any CPU
		{56B644A0-3A3A-47CF-953A-10A8C9FB1B04}.Release|Any CPU.Build.0 = Release|Any CPU
	EndGlobalSection
	GlobalSection(SolutionProperties) = preSolution
		HideSolutionNode = FALSE
	EndGlobalSection
	GlobalSection(ExtensibilityGlobals) = postSolution
		SolutionGuid = {53A2D9DE-F8C6-4401-9E35-6669596EA675}
	EndGlobalSection
EndGlobal
